// !$*UTF8*$!
{
	archiveVersion = 1;
	classes = {
	};
	objectVersion = 46;
	objects = {

/* Begin PBXBuildFile section */
		271FAF191A179D2B003E3660 /* gmp-man-6.0.0a.pdf in Resources */ = {isa = PBXBuildFile; fileRef = 271FAF181A179D2B003E3660 /* gmp-man-6.0.0a.pdf */; };
		274854591A195BC000CA9364 /* BigFloat.swift in Sources */ = {isa = PBXBuildFile; fileRef = 274854541A195BC000CA9364 /* BigFloat.swift */; };
		2748545A1A195BC000CA9364 /* BigFloatError.m in Sources */ = {isa = PBXBuildFile; fileRef = 274854561A195BC000CA9364 /* BigFloatError.m */; };
		2748545B1A195BC000CA9364 /* BigFloatObjC.m in Sources */ = {isa = PBXBuildFile; fileRef = 274854581A195BC000CA9364 /* BigFloatObjC.m */; };
		274854621A195D3F00CA9364 /* BigRational.swift in Sources */ = {isa = PBXBuildFile; fileRef = 2748545D1A195D3F00CA9364 /* BigRational.swift */; };
		274854631A195D3F00CA9364 /* BigRationalError.m in Sources */ = {isa = PBXBuildFile; fileRef = 2748545F1A195D3F00CA9364 /* BigRationalError.m */; };
		274854641A195D3F00CA9364 /* BigRationalObjC.m in Sources */ = {isa = PBXBuildFile; fileRef = 274854611A195D3F00CA9364 /* BigRationalObjC.m */; };
		274854661A195E1800CA9364 /* BigFloatObjCTest.m in Sources */ = {isa = PBXBuildFile; fileRef = 274854651A195E1800CA9364 /* BigFloatObjCTest.m */; };
		274854681A195E6B00CA9364 /* BigFloatSwiftTest.swift in Sources */ = {isa = PBXBuildFile; fileRef = 274854671A195E6B00CA9364 /* BigFloatSwiftTest.swift */; };
		2748546A1A195E9100CA9364 /* BigRationalObjCTest.m in Sources */ = {isa = PBXBuildFile; fileRef = 274854691A195E9100CA9364 /* BigRationalObjCTest.m */; };
		2748546E1A195F2E00CA9364 /* BigRationalSwiftTest.swift in Sources */ = {isa = PBXBuildFile; fileRef = 2748546D1A195F2E00CA9364 /* BigRationalSwiftTest.swift */; };
		279A74541A16BED3008D8C51 /* main.swift in Sources */ = {isa = PBXBuildFile; fileRef = 279A74531A16BED3008D8C51 /* main.swift */; };
		279A74651A16BF20008D8C51 /* BigInt.swift in Sources */ = {isa = PBXBuildFile; fileRef = 279A74601A16BF20008D8C51 /* BigInt.swift */; };
		279A74661A16BF20008D8C51 /* BigIntError.m in Sources */ = {isa = PBXBuildFile; fileRef = 279A74621A16BF20008D8C51 /* BigIntError.m */; };
		279A74671A16BF20008D8C51 /* BigIntObjC.m in Sources */ = {isa = PBXBuildFile; fileRef = 279A74641A16BF20008D8C51 /* BigIntObjC.m */; };
		279A74681A16BF31008D8C51 /* libgmp.a in Frameworks */ = {isa = PBXBuildFile; fileRef = 279A745D1A16BF12008D8C51 /* libgmp.a */; };
		27B50AE71A19489D00F3EC58 /* COPYINGv3 in Resources */ = {isa = PBXBuildFile; fileRef = 27B50AE61A19489D00F3EC58 /* COPYINGv3 */; };
		27F5E1A01A177959003DB35E /* libgmp.a in Frameworks */ = {isa = PBXBuildFile; fileRef = 279A745D1A16BF12008D8C51 /* libgmp.a */; };
		27F5E1A11A177965003DB35E /* BigInt.swift in Sources */ = {isa = PBXBuildFile; fileRef = 279A74601A16BF20008D8C51 /* BigInt.swift */; };
		27F5E1A21A177968003DB35E /* BigIntError.m in Sources */ = {isa = PBXBuildFile; fileRef = 279A74621A16BF20008D8C51 /* BigIntError.m */; };
		27F5E1A31A17796B003DB35E /* BigIntObjC.m in Sources */ = {isa = PBXBuildFile; fileRef = 279A74641A16BF20008D8C51 /* BigIntObjC.m */; };
		27F5E1A91A177C0C003DB35E /* BigIntSwiftTest.swift in Sources */ = {isa = PBXBuildFile; fileRef = 27F5E1A81A177C0C003DB35E /* BigIntSwiftTest.swift */; };
		27F5E1AB1A177C9F003DB35E /* BigIntObjCTest.m in Sources */ = {isa = PBXBuildFile; fileRef = 27F5E1AA1A177C9F003DB35E /* BigIntObjCTest.m */; };
/* End PBXBuildFile section */

/* Begin PBXCopyFilesBuildPhase section */
		279A744E1A16BED3008D8C51 /* CopyFiles */ = {
			isa = PBXCopyFilesBuildPhase;
			buildActionMask = 2147483647;
			dstPath = /usr/share/man/man1/;
			dstSubfolderSpec = 0;
			files = (
			);
			runOnlyForDeploymentPostprocessing = 1;
		};
/* End PBXCopyFilesBuildPhase section */

/* Begin PBXFileReference section */
		271FAF181A179D2B003E3660 /* gmp-man-6.0.0a.pdf */ = {isa = PBXFileReference; lastKnownFileType = image.pdf; path = "gmp-man-6.0.0a.pdf"; sourceTree = "<group>"; };
		274854541A195BC000CA9364 /* BigFloat.swift */ = {isa = PBXFileReference; fileEncoding = 4; lastKnownFileType = sourcecode.swift; path = BigFloat.swift; sourceTree = "<group>"; };
		274854551A195BC000CA9364 /* BigFloatError.h */ = {isa = PBXFileReference; fileEncoding = 4; lastKnownFileType = sourcecode.c.h; path = BigFloatError.h; sourceTree = "<group>"; };
		274854561A195BC000CA9364 /* BigFloatError.m */ = {isa = PBXFileReference; fileEncoding = 4; lastKnownFileType = sourcecode.c.objc; path = BigFloatError.m; sourceTree = "<group>"; };
		274854571A195BC000CA9364 /* BigFloatObjC.h */ = {isa = PBXFileReference; fileEncoding = 4; lastKnownFileType = sourcecode.c.h; path = BigFloatObjC.h; sourceTree = "<group>"; };
		274854581A195BC000CA9364 /* BigFloatObjC.m */ = {isa = PBXFileReference; fileEncoding = 4; lastKnownFileType = sourcecode.c.objc; path = BigFloatObjC.m; sourceTree = "<group>"; };
		2748545D1A195D3F00CA9364 /* BigRational.swift */ = {isa = PBXFileReference; fileEncoding = 4; lastKnownFileType = sourcecode.swift; path = BigRational.swift; sourceTree = "<group>"; };
		2748545E1A195D3F00CA9364 /* BigRationalError.h */ = {isa = PBXFileReference; fileEncoding = 4; lastKnownFileType = sourcecode.c.h; path = BigRationalError.h; sourceTree = "<group>"; };
		2748545F1A195D3F00CA9364 /* BigRationalError.m */ = {isa = PBXFileReference; fileEncoding = 4; lastKnownFileType = sourcecode.c.objc; path = BigRationalError.m; sourceTree = "<group>"; };
		274854601A195D3F00CA9364 /* BigRationalObjC.h */ = {isa = PBXFileReference; fileEncoding = 4; lastKnownFileType = sourcecode.c.h; path = BigRationalObjC.h; sourceTree = "<group>"; };
		274854611A195D3F00CA9364 /* BigRationalObjC.m */ = {isa = PBXFileReference; fileEncoding = 4; lastKnownFileType = sourcecode.c.objc; path = BigRationalObjC.m; sourceTree = "<group>"; };
		274854651A195E1800CA9364 /* BigFloatObjCTest.m */ = {isa = PBXFileReference; fileEncoding = 4; lastKnownFileType = sourcecode.c.objc; path = BigFloatObjCTest.m; sourceTree = "<group>"; };
		274854671A195E6B00CA9364 /* BigFloatSwiftTest.swift */ = {isa = PBXFileReference; fileEncoding = 4; lastKnownFileType = sourcecode.swift; path = BigFloatSwiftTest.swift; sourceTree = "<group>"; };
		274854691A195E9100CA9364 /* BigRationalObjCTest.m */ = {isa = PBXFileReference; fileEncoding = 4; lastKnownFileType = sourcecode.c.objc; path = BigRationalObjCTest.m; sourceTree = "<group>"; };
		2748546D1A195F2E00CA9364 /* BigRationalSwiftTest.swift */ = {isa = PBXFileReference; fileEncoding = 4; lastKnownFileType = sourcecode.swift; path = BigRationalSwiftTest.swift; sourceTree = "<group>"; };
		278DD3721A17E6B40092001A /* README.md */ = {isa = PBXFileReference; lastKnownFileType = net.daringfireball.markdown; path = README.md; sourceTree = "<group>"; };
		278DD3731A17E6BD0092001A /* LICENSE */ = {isa = PBXFileReference; lastKnownFileType = text; path = LICENSE; sourceTree = "<group>"; };
		279A74501A16BED3008D8C51 /* OSXGMP */ = {isa = PBXFileReference; explicitFileType = "compiled.mach-o.executable"; includeInIndex = 0; path = OSXGMP; sourceTree = BUILT_PRODUCTS_DIR; };
		279A74531A16BED3008D8C51 /* main.swift */ = {isa = PBXFileReference; lastKnownFileType = sourcecode.swift; path = main.swift; sourceTree = "<group>"; };
		279A745B1A16BF12008D8C51 /* gmp.h */ = {isa = PBXFileReference; lastKnownFileType = sourcecode.c.h; path = gmp.h; sourceTree = "<group>"; };
		279A745C1A16BF12008D8C51 /* libgmp.10.dylib */ = {isa = PBXFileReference; lastKnownFileType = "compiled.mach-o.dylib"; path = libgmp.10.dylib; sourceTree = "<group>"; };
		279A745D1A16BF12008D8C51 /* libgmp.a */ = {isa = PBXFileReference; lastKnownFileType = archive.ar; path = libgmp.a; sourceTree = "<group>"; };
		279A745E1A16BF12008D8C51 /* libgmp.dylib */ = {isa = PBXFileReference; lastKnownFileType = "compiled.mach-o.dylib"; path = libgmp.dylib; sourceTree = "<group>"; };
		279A74601A16BF20008D8C51 /* BigInt.swift */ = {isa = PBXFileReference; fileEncoding = 4; lastKnownFileType = sourcecode.swift; path = BigInt.swift; sourceTree = "<group>"; };
		279A74611A16BF20008D8C51 /* BigIntError.h */ = {isa = PBXFileReference; fileEncoding = 4; lastKnownFileType = sourcecode.c.h; path = BigIntError.h; sourceTree = "<group>"; };
		279A74621A16BF20008D8C51 /* BigIntError.m */ = {isa = PBXFileReference; fileEncoding = 4; lastKnownFileType = sourcecode.c.objc; path = BigIntError.m; sourceTree = "<group>"; };
		279A74631A16BF20008D8C51 /* BigIntObjC.h */ = {isa = PBXFileReference; fileEncoding = 4; lastKnownFileType = sourcecode.c.h; path = BigIntObjC.h; sourceTree = "<group>"; };
		279A74641A16BF20008D8C51 /* BigIntObjC.m */ = {isa = PBXFileReference; fileEncoding = 4; lastKnownFileType = sourcecode.c.objc; path = BigIntObjC.m; sourceTree = "<group>"; };
		279A74711A16C16F008D8C51 /* OSXGMP-Bridging-Header.h */ = {isa = PBXFileReference; fileEncoding = 4; lastKnownFileType = sourcecode.c.h; path = "OSXGMP-Bridging-Header.h"; sourceTree = "<group>"; };
		279A74761A16C32A008D8C51 /* OSXGMPTest.xctest */ = {isa = PBXFileReference; explicitFileType = wrapper.cfbundle; includeInIndex = 0; path = OSXGMPTest.xctest; sourceTree = BUILT_PRODUCTS_DIR; };
		279A74791A16C32A008D8C51 /* Info.plist */ = {isa = PBXFileReference; lastKnownFileType = text.plist.xml; path = Info.plist; sourceTree = "<group>"; };
		27B50AE61A19489D00F3EC58 /* COPYINGv3 */ = {isa = PBXFileReference; fileEncoding = 4; lastKnownFileType = text; path = COPYINGv3; sourceTree = "<group>"; };
		27F5E1A81A177C0C003DB35E /* BigIntSwiftTest.swift */ = {isa = PBXFileReference; fileEncoding = 4; lastKnownFileType = sourcecode.swift; path = BigIntSwiftTest.swift; sourceTree = "<group>"; };
		27F5E1AA1A177C9F003DB35E /* BigIntObjCTest.m */ = {isa = PBXFileReference; fileEncoding = 4; lastKnownFileType = sourcecode.c.objc; path = BigIntObjCTest.m; sourceTree = "<group>"; };
/* End PBXFileReference section */

/* Begin PBXFrameworksBuildPhase section */
		279A744D1A16BED3008D8C51 /* Frameworks */ = {
			isa = PBXFrameworksBuildPhase;
			buildActionMask = 2147483647;
			files = (
				279A74681A16BF31008D8C51 /* libgmp.a in Frameworks */,
			);
			runOnlyForDeploymentPostprocessing = 0;
		};
		279A74731A16C32A008D8C51 /* Frameworks */ = {
			isa = PBXFrameworksBuildPhase;
			buildActionMask = 2147483647;
			files = (
				27F5E1A01A177959003DB35E /* libgmp.a in Frameworks */,
			);
			runOnlyForDeploymentPostprocessing = 0;
		};
/* End PBXFrameworksBuildPhase section */

/* Begin PBXGroup section */
		274854531A195BC000CA9364 /* BigFloat */ = {
			isa = PBXGroup;
			children = (
				274854541A195BC000CA9364 /* BigFloat.swift */,
				274854551A195BC000CA9364 /* BigFloatError.h */,
				274854561A195BC000CA9364 /* BigFloatError.m */,
				274854571A195BC000CA9364 /* BigFloatObjC.h */,
				274854581A195BC000CA9364 /* BigFloatObjC.m */,
			);
			path = BigFloat;
			sourceTree = "<group>";
		};
		2748545C1A195D3F00CA9364 /* BigRational */ = {
			isa = PBXGroup;
			children = (
				2748545D1A195D3F00CA9364 /* BigRational.swift */,
				2748545E1A195D3F00CA9364 /* BigRationalError.h */,
				2748545F1A195D3F00CA9364 /* BigRationalError.m */,
				274854601A195D3F00CA9364 /* BigRationalObjC.h */,
				274854611A195D3F00CA9364 /* BigRationalObjC.m */,
			);
			path = BigRational;
			sourceTree = "<group>";
		};
		279A74471A16BED3008D8C51 = {
			isa = PBXGroup;
			children = (
				274854531A195BC000CA9364 /* BigFloat */,
				279A745F1A16BF20008D8C51 /* BigInt */,
				2748545C1A195D3F00CA9364 /* BigRational */,
				279A745A1A16BF12008D8C51 /* GMP */,
				279A74521A16BED3008D8C51 /* OSXGMP */,
				279A74771A16C32A008D8C51 /* OSXGMPTest */,
				279A74511A16BED3008D8C51 /* Products */,
				27B50AE61A19489D00F3EC58 /* COPYINGv3 */,
				278DD3731A17E6BD0092001A /* LICENSE */,
				278DD3721A17E6B40092001A /* README.md */,
			);
			sourceTree = "<group>";
		};
		279A74511A16BED3008D8C51 /* Products */ = {
			isa = PBXGroup;
			children = (
				279A74501A16BED3008D8C51 /* OSXGMP */,
				279A74761A16C32A008D8C51 /* OSXGMPTest.xctest */,
			);
			name = Products;
			sourceTree = "<group>";
		};
		279A74521A16BED3008D8C51 /* OSXGMP */ = {
			isa = PBXGroup;
			children = (
				279A74531A16BED3008D8C51 /* main.swift */,
				279A74711A16C16F008D8C51 /* OSXGMP-Bridging-Header.h */,
			);
			path = OSXGMP;
			sourceTree = "<group>";
		};
		279A745A1A16BF12008D8C51 /* GMP */ = {
			isa = PBXGroup;
			children = (
				271FAF181A179D2B003E3660 /* gmp-man-6.0.0a.pdf */,
				279A745B1A16BF12008D8C51 /* gmp.h */,
				279A745C1A16BF12008D8C51 /* libgmp.10.dylib */,
				279A745D1A16BF12008D8C51 /* libgmp.a */,
				279A745E1A16BF12008D8C51 /* libgmp.dylib */,
			);
			path = GMP;
			sourceTree = "<group>";
		};
		279A745F1A16BF20008D8C51 /* BigInt */ = {
			isa = PBXGroup;
			children = (
				279A74601A16BF20008D8C51 /* BigInt.swift */,
				279A74611A16BF20008D8C51 /* BigIntError.h */,
				279A74621A16BF20008D8C51 /* BigIntError.m */,
				279A74631A16BF20008D8C51 /* BigIntObjC.h */,
				279A74641A16BF20008D8C51 /* BigIntObjC.m */,
			);
			path = BigInt;
			sourceTree = "<group>";
		};
		279A74771A16C32A008D8C51 /* OSXGMPTest */ = {
			isa = PBXGroup;
			children = (
				274854651A195E1800CA9364 /* BigFloatObjCTest.m */,
				274854671A195E6B00CA9364 /* BigFloatSwiftTest.swift */,
				27F5E1AA1A177C9F003DB35E /* BigIntObjCTest.m */,
				27F5E1A81A177C0C003DB35E /* BigIntSwiftTest.swift */,
				274854691A195E9100CA9364 /* BigRationalObjCTest.m */,
				2748546D1A195F2E00CA9364 /* BigRationalSwiftTest.swift */,
				279A74781A16C32A008D8C51 /* Supporting Files */,
			);
			path = OSXGMPTest;
			sourceTree = "<group>";
		};
		279A74781A16C32A008D8C51 /* Supporting Files */ = {
			isa = PBXGroup;
			children = (
				279A74791A16C32A008D8C51 /* Info.plist */,
			);
			name = "Supporting Files";
			sourceTree = "<group>";
		};
/* End PBXGroup section */

/* Begin PBXNativeTarget section */
		279A744F1A16BED3008D8C51 /* OSXGMP */ = {
			isa = PBXNativeTarget;
			buildConfigurationList = 279A74571A16BED3008D8C51 /* Build configuration list for PBXNativeTarget "OSXGMP" */;
			buildPhases = (
				279A744C1A16BED3008D8C51 /* Sources */,
				279A744D1A16BED3008D8C51 /* Frameworks */,
				279A744E1A16BED3008D8C51 /* CopyFiles */,
			);
			buildRules = (
			);
			dependencies = (
			);
			name = OSXGMP;
			productName = OSXGMP;
			productReference = 279A74501A16BED3008D8C51 /* OSXGMP */;
			productType = "com.apple.product-type.tool";
		};
		279A74751A16C32A008D8C51 /* OSXGMPTest */ = {
			isa = PBXNativeTarget;
			buildConfigurationList = 279A747C1A16C32A008D8C51 /* Build configuration list for PBXNativeTarget "OSXGMPTest" */;
			buildPhases = (
				279A74721A16C32A008D8C51 /* Sources */,
				279A74731A16C32A008D8C51 /* Frameworks */,
				279A74741A16C32A008D8C51 /* Resources */,
			);
			buildRules = (
			);
			dependencies = (
			);
			name = OSXGMPTest;
			productName = OSXGMPTest;
			productReference = 279A74761A16C32A008D8C51 /* OSXGMPTest.xctest */;
			productType = "com.apple.product-type.bundle.unit-test";
		};
/* End PBXNativeTarget section */

/* Begin PBXProject section */
		279A74481A16BED3008D8C51 /* Project object */ = {
			isa = PBXProject;
			attributes = {
				LastSwiftUpdateCheck = 0700;
				LastUpgradeCheck = 0700;
				ORGANIZATIONNAME = "Otto van Verseveld";
				TargetAttributes = {
					279A744F1A16BED3008D8C51 = {
						CreatedOnToolsVersion = 6.1;
					};
					279A74751A16C32A008D8C51 = {
						CreatedOnToolsVersion = 6.1;
					};
				};
			};
			buildConfigurationList = 279A744B1A16BED3008D8C51 /* Build configuration list for PBXProject "OSXGMP" */;
			compatibilityVersion = "Xcode 3.2";
			developmentRegion = English;
			hasScannedForEncodings = 0;
			knownRegions = (
				en,
			);
			mainGroup = 279A74471A16BED3008D8C51;
			productRefGroup = 279A74511A16BED3008D8C51 /* Products */;
			projectDirPath = "";
			projectRoot = "";
			targets = (
				279A744F1A16BED3008D8C51 /* OSXGMP */,
				279A74751A16C32A008D8C51 /* OSXGMPTest */,
			);
		};
/* End PBXProject section */

/* Begin PBXResourcesBuildPhase section */
		279A74741A16C32A008D8C51 /* Resources */ = {
			isa = PBXResourcesBuildPhase;
			buildActionMask = 2147483647;
			files = (
				271FAF191A179D2B003E3660 /* gmp-man-6.0.0a.pdf in Resources */,
				27B50AE71A19489D00F3EC58 /* COPYINGv3 in Resources */,
			);
			runOnlyForDeploymentPostprocessing = 0;
		};
/* End PBXResourcesBuildPhase section */

/* Begin PBXSourcesBuildPhase section */
		279A744C1A16BED3008D8C51 /* Sources */ = {
			isa = PBXSourcesBuildPhase;
			buildActionMask = 2147483647;
			files = (
				279A74651A16BF20008D8C51 /* BigInt.swift in Sources */,
				279A74661A16BF20008D8C51 /* BigIntError.m in Sources */,
				279A74671A16BF20008D8C51 /* BigIntObjC.m in Sources */,
				279A74541A16BED3008D8C51 /* main.swift in Sources */,
			);
			runOnlyForDeploymentPostprocessing = 0;
		};
		279A74721A16C32A008D8C51 /* Sources */ = {
			isa = PBXSourcesBuildPhase;
			buildActionMask = 2147483647;
			files = (
				2748546E1A195F2E00CA9364 /* BigRationalSwiftTest.swift in Sources */,
				27F5E1A11A177965003DB35E /* BigInt.swift in Sources */,
				27F5E1AB1A177C9F003DB35E /* BigIntObjCTest.m in Sources */,
				274854641A195D3F00CA9364 /* BigRationalObjC.m in Sources */,
				27F5E1A21A177968003DB35E /* BigIntError.m in Sources */,
				2748545A1A195BC000CA9364 /* BigFloatError.m in Sources */,
				274854591A195BC000CA9364 /* BigFloat.swift in Sources */,
				274854631A195D3F00CA9364 /* BigRationalError.m in Sources */,
				274854661A195E1800CA9364 /* BigFloatObjCTest.m in Sources */,
				274854621A195D3F00CA9364 /* BigRational.swift in Sources */,
				274854681A195E6B00CA9364 /* BigFloatSwiftTest.swift in Sources */,
				2748546A1A195E9100CA9364 /* BigRationalObjCTest.m in Sources */,
				27F5E1A31A17796B003DB35E /* BigIntObjC.m in Sources */,
				27F5E1A91A177C0C003DB35E /* BigIntSwiftTest.swift in Sources */,
				2748545B1A195BC000CA9364 /* BigFloatObjC.m in Sources */,
			);
			runOnlyForDeploymentPostprocessing = 0;
		};
/* End PBXSourcesBuildPhase section */

/* Begin XCBuildConfiguration section */
		279A74551A16BED3008D8C51 /* Debug */ = {
			isa = XCBuildConfiguration;
			buildSettings = {
				ALWAYS_SEARCH_USER_PATHS = NO;
				CLANG_CXX_LANGUAGE_STANDARD = "gnu++0x";
				CLANG_CXX_LIBRARY = "libc++";
				CLANG_ENABLE_MODULES = YES;
				CLANG_ENABLE_OBJC_ARC = YES;
				CLANG_WARN_BOOL_CONVERSION = YES;
				CLANG_WARN_CONSTANT_CONVERSION = YES;
				CLANG_WARN_DIRECT_OBJC_ISA_USAGE = YES_ERROR;
				CLANG_WARN_EMPTY_BODY = YES;
				CLANG_WARN_ENUM_CONVERSION = YES;
				CLANG_WARN_INT_CONVERSION = YES;
				CLANG_WARN_OBJC_ROOT_CLASS = YES_ERROR;
				CLANG_WARN_UNREACHABLE_CODE = YES;
				CLANG_WARN__DUPLICATE_METHOD_MATCH = YES;
				COPY_PHASE_STRIP = NO;
				ENABLE_STRICT_OBJC_MSGSEND = YES;
				ENABLE_TESTABILITY = YES;
				GCC_C_LANGUAGE_STANDARD = gnu99;
				GCC_DYNAMIC_NO_PIC = NO;
				GCC_OPTIMIZATION_LEVEL = 0;
				GCC_PREPROCESSOR_DEFINITIONS = (
					"DEBUG=1",
					"$(inherited)",
				);
				GCC_SYMBOLS_PRIVATE_EXTERN = NO;
				GCC_WARN_64_TO_32_BIT_CONVERSION = YES;
				GCC_WARN_ABOUT_RETURN_TYPE = YES_ERROR;
				GCC_WARN_UNDECLARED_SELECTOR = YES;
				GCC_WARN_UNINITIALIZED_AUTOS = YES_AGGRESSIVE;
				GCC_WARN_UNUSED_FUNCTION = YES;
				GCC_WARN_UNUSED_VARIABLE = YES;
				MACOSX_DEPLOYMENT_TARGET = 10.9;
				MTL_ENABLE_DEBUG_INFO = YES;
				ONLY_ACTIVE_ARCH = YES;
				SDKROOT = macosx;
				SWIFT_OPTIMIZATION_LEVEL = "-Onone";
			};
			name = Debug;
		};
		279A74561A16BED3008D8C51 /* Release */ = {
			isa = XCBuildConfiguration;
			buildSettings = {
				ALWAYS_SEARCH_USER_PATHS = NO;
				CLANG_CXX_LANGUAGE_STANDARD = "gnu++0x";
				CLANG_CXX_LIBRARY = "libc++";
				CLANG_ENABLE_MODULES = YES;
				CLANG_ENABLE_OBJC_ARC = YES;
				CLANG_WARN_BOOL_CONVERSION = YES;
				CLANG_WARN_CONSTANT_CONVERSION = YES;
				CLANG_WARN_DIRECT_OBJC_ISA_USAGE = YES_ERROR;
				CLANG_WARN_EMPTY_BODY = YES;
				CLANG_WARN_ENUM_CONVERSION = YES;
				CLANG_WARN_INT_CONVERSION = YES;
				CLANG_WARN_OBJC_ROOT_CLASS = YES_ERROR;
				CLANG_WARN_UNREACHABLE_CODE = YES;
				CLANG_WARN__DUPLICATE_METHOD_MATCH = YES;
				COPY_PHASE_STRIP = YES;
				DEBUG_INFORMATION_FORMAT = "dwarf-with-dsym";
				ENABLE_NS_ASSERTIONS = NO;
				ENABLE_STRICT_OBJC_MSGSEND = YES;
				GCC_C_LANGUAGE_STANDARD = gnu99;
				GCC_WARN_64_TO_32_BIT_CONVERSION = YES;
				GCC_WARN_ABOUT_RETURN_TYPE = YES_ERROR;
				GCC_WARN_UNDECLARED_SELECTOR = YES;
				GCC_WARN_UNINITIALIZED_AUTOS = YES_AGGRESSIVE;
				GCC_WARN_UNUSED_FUNCTION = YES;
				GCC_WARN_UNUSED_VARIABLE = YES;
				MACOSX_DEPLOYMENT_TARGET = 10.9;
				MTL_ENABLE_DEBUG_INFO = NO;
				SDKROOT = macosx;
			};
			name = Release;
		};
		279A74581A16BED3008D8C51 /* Debug */ = {
			isa = XCBuildConfiguration;
			buildSettings = {
				LD_NO_PIE = YES;
				LIBRARY_SEARCH_PATHS = (
					"$(inherited)",
					"$(PROJECT_DIR)/GMP",
				);
				PRODUCT_NAME = "$(TARGET_NAME)";
				SWIFT_OBJC_BRIDGING_HEADER = "OSXGMP/OSXGMP-Bridging-Header.h";
			};
			name = Debug;
		};
		279A74591A16BED3008D8C51 /* Release */ = {
			isa = XCBuildConfiguration;
			buildSettings = {
				LD_NO_PIE = YES;
				LIBRARY_SEARCH_PATHS = (
					"$(inherited)",
					"$(PROJECT_DIR)/GMP",
				);
				PRODUCT_NAME = "$(TARGET_NAME)";
				SWIFT_OBJC_BRIDGING_HEADER = "OSXGMP/OSXGMP-Bridging-Header.h";
			};
			name = Release;
		};
		279A747D1A16C32A008D8C51 /* Debug */ = {
			isa = XCBuildConfiguration;
			buildSettings = {
				COMBINE_HIDPI_IMAGES = YES;
				FRAMEWORK_SEARCH_PATHS = (
					"$(DEVELOPER_FRAMEWORKS_DIR)",
					"$(inherited)",
				);
				GCC_PREPROCESSOR_DEFINITIONS = (
					"DEBUG=1",
					"$(inherited)",
				);
				INFOPLIST_FILE = OSXGMPTest/Info.plist;
				LD_NO_PIE = YES;
				LD_RUNPATH_SEARCH_PATHS = "$(inherited) @executable_path/../Frameworks @loader_path/../Frameworks";
				LIBRARY_SEARCH_PATHS = (
					"$(inherited)",
					"$(PROJECT_DIR)/GMP",
				);
				PRODUCT_BUNDLE_IDENTIFIER = "nl.tofh.$(PRODUCT_NAME:rfc1034identifier)";
				PRODUCT_NAME = "$(TARGET_NAME)";
				SWIFT_OBJC_BRIDGING_HEADER = "OSXGMP/OSXGMP-Bridging-Header.h";
			};
			name = Debug;
		};
		279A747E1A16C32A008D8C51 /* Release */ = {
			isa = XCBuildConfiguration;
			buildSettings = {
				COMBINE_HIDPI_IMAGES = YES;
				FRAMEWORK_SEARCH_PATHS = (
					"$(DEVELOPER_FRAMEWORKS_DIR)",
					"$(inherited)",
				);
				INFOPLIST_FILE = OSXGMPTest/Info.plist;
				LD_NO_PIE = YES;
				LD_RUNPATH_SEARCH_PATHS = "$(inherited) @executable_path/../Frameworks @loader_path/../Frameworks";
				LIBRARY_SEARCH_PATHS = (
					"$(inherited)",
					"$(PROJECT_DIR)/GMP",
				);
				PRODUCT_BUNDLE_IDENTIFIER = "nl.tofh.$(PRODUCT_NAME:rfc1034identifier)";
				PRODUCT_NAME = "$(TARGET_NAME)";
				SWIFT_OBJC_BRIDGING_HEADER = "OSXGMP/OSXGMP-Bridging-Header.h";
			};
			name = Release;
		};
/* End XCBuildConfiguration section */

/* Begin XCConfigurationList section */
		279A744B1A16BED3008D8C51 /* Build configuration list for PBXProject "OSXGMP" */ = {
			isa = XCConfigurationList;
			buildConfigurations = (
				279A74551A16BED3008D8C51 /* Debug */,
				279A74561A16BED3008D8C51 /* Release */,
			);
			defaultConfigurationIsVisible = 0;
			defaultConfigurationName = Release;
		};
		279A74571A16BED3008D8C51 /* Build configuration list for PBXNativeTarget "OSXGMP" */ = {
			isa = XCConfigurationList;
			buildConfigurations = (
				279A74581A16BED3008D8C51 /* Debug */,
				279A74591A16BED3008D8C51 /* Release */,
			);
			defaultConfigurationIsVisible = 0;
			defaultConfigurationName = Release;
		};
		279A747C1A16C32A008D8C51 /* Build configuration list for PBXNativeTarget "OSXGMPTest" */ = {
			isa = XCConfigurationList;
			buildConfigurations = (
				279A747D1A16C32A008D8C51 /* Debug */,
				279A747E1A16C32A008D8C51 /* Release */,
			);
			defaultConfigurationIsVisible = 0;
			defaultConfigurationName = Release;
		};
/* End XCConfigurationList section */
	};
	rootObject = 279A74481A16BED3008D8C51 /* Project object */;
}
