// !$*UTF8*$!
{
	archiveVersion = 1;
	classes = {
	};
	objectVersion = 46;
	objects = {

/* Begin PBXBuildFile section */
		B9CABFAE1E076C7E0029E81C /* SwiftGMPFrameworkMac.h in Headers */ = {isa = PBXBuildFile; fileRef = B9CABFA01E076C7E0029E81C /* SwiftGMPFrameworkMac.h */; settings = {ATTRIBUTES = (Public, ); }; };
		B9CABFB51E076D4E0029E81C /* libgmp.a in Frameworks */ = {isa = PBXBuildFile; fileRef = 279A745D1A16BF12008D8C51 /* libgmp.a */; };
		B9CABFB61E076D770029E81C /* SwiftGMPFrameworkMac.framework in Frameworks */ = {isa = PBXBuildFile; fileRef = B9CABF9E1E076C7E0029E81C /* SwiftGMPFrameworkMac.framework */; };
		B9CABFB71E076E540029E81C /* main.swift in Sources */ = {isa = PBXBuildFile; fileRef = 279A74531A16BED3008D8C51 /* main.swift */; };
		B9CABFDF1E0770B20029E81C /* BigFloat.swift in Sources */ = {isa = PBXBuildFile; fileRef = B9CABFCE1E0770B20029E81C /* BigFloat.swift */; };
		B9CABFE41E0770B20029E81C /* BigInt.swift in Sources */ = {isa = PBXBuildFile; fileRef = B9CABFD41E0770B20029E81C /* BigInt.swift */; };
		B9CABFE91E0770B20029E81C /* BigRational.swift in Sources */ = {isa = PBXBuildFile; fileRef = B9CABFDA1E0770B20029E81C /* BigRational.swift */; };
		B9CABFEF1E0773350029E81C /* BigIntError.m in Sources */ = {isa = PBXBuildFile; fileRef = B9CABFD61E0770B20029E81C /* BigIntError.m */; };
		B9CABFF01E0773380029E81C /* BigIntObjC.m in Sources */ = {isa = PBXBuildFile; fileRef = B9CABFD81E0770B20029E81C /* BigIntObjC.m */; };
		B9CABFF11E0773440029E81C /* BigRationalError.m in Sources */ = {isa = PBXBuildFile; fileRef = B9CABFDC1E0770B20029E81C /* BigRationalError.m */; };
		B9CABFF21E0773470029E81C /* BigRationalObjC.m in Sources */ = {isa = PBXBuildFile; fileRef = B9CABFDE1E0770B20029E81C /* BigRationalObjC.m */; };
		B9CABFF31E0773500029E81C /* BigFloatError.m in Sources */ = {isa = PBXBuildFile; fileRef = B9CABFD01E0770B20029E81C /* BigFloatError.m */; };
		B9CABFF41E0773530029E81C /* BigFloatObjC.m in Sources */ = {isa = PBXBuildFile; fileRef = B9CABFD21E0770B20029E81C /* BigFloatObjC.m */; };
		B9CABFF51E0774560029E81C /* BigFloatError.h in Headers */ = {isa = PBXBuildFile; fileRef = B9CABFCF1E0770B20029E81C /* BigFloatError.h */; settings = {ATTRIBUTES = (Public, ); }; };
		B9CABFF61E0774560029E81C /* BigFloatObjC.h in Headers */ = {isa = PBXBuildFile; fileRef = B9CABFD11E0770B20029E81C /* BigFloatObjC.h */; settings = {ATTRIBUTES = (Public, ); }; };
		B9CABFF71E0774560029E81C /* BigIntError.h in Headers */ = {isa = PBXBuildFile; fileRef = B9CABFD51E0770B20029E81C /* BigIntError.h */; settings = {ATTRIBUTES = (Public, ); }; };
		B9CABFF81E0774560029E81C /* BigIntObjC.h in Headers */ = {isa = PBXBuildFile; fileRef = B9CABFD71E0770B20029E81C /* BigIntObjC.h */; settings = {ATTRIBUTES = (Public, ); }; };
		B9CABFF91E0774560029E81C /* BigRationalError.h in Headers */ = {isa = PBXBuildFile; fileRef = B9CABFDB1E0770B20029E81C /* BigRationalError.h */; settings = {ATTRIBUTES = (Public, ); }; };
		B9CABFFA1E0774560029E81C /* BigRationalObjC.h in Headers */ = {isa = PBXBuildFile; fileRef = B9CABFDD1E0770B20029E81C /* BigRationalObjC.h */; settings = {ATTRIBUTES = (Public, ); }; };
		B9CABFFB1E07746D0029E81C /* gmp.h in Headers */ = {isa = PBXBuildFile; fileRef = 279A745B1A16BF12008D8C51 /* gmp.h */; settings = {ATTRIBUTES = (Public, ); }; };
		B9CAC0091E077B250029E81C /* SwiftGMPFrameworkMac.framework in Frameworks */ = {isa = PBXBuildFile; fileRef = B9CABF9E1E076C7E0029E81C /* SwiftGMPFrameworkMac.framework */; };
		B9CAC0111E077B630029E81C /* BigIntObjCTest.m in Sources */ = {isa = PBXBuildFile; fileRef = B9CAC00F1E077B630029E81C /* BigIntObjCTest.m */; };
		B9CAC0121E077B630029E81C /* BigIntSwiftTest.swift in Sources */ = {isa = PBXBuildFile; fileRef = B9CAC0101E077B630029E81C /* BigIntSwiftTest.swift */; };
		B9CAC0171E077C3E0029E81C /* BigFloatObjCTest.m in Sources */ = {isa = PBXBuildFile; fileRef = B9CAC0131E077C3E0029E81C /* BigFloatObjCTest.m */; };
		B9CAC0181E077C3E0029E81C /* BigFloatSwiftTest.swift in Sources */ = {isa = PBXBuildFile; fileRef = B9CAC0141E077C3E0029E81C /* BigFloatSwiftTest.swift */; };
		B9CAC0191E077C3E0029E81C /* BigRationalObjCTest.m in Sources */ = {isa = PBXBuildFile; fileRef = B9CAC0151E077C3E0029E81C /* BigRationalObjCTest.m */; };
		B9CAC01A1E077C3E0029E81C /* BigRationalSwiftTest.swift in Sources */ = {isa = PBXBuildFile; fileRef = B9CAC0161E077C3E0029E81C /* BigRationalSwiftTest.swift */; };
/* End PBXBuildFile section */

/* Begin PBXContainerItemProxy section */
		B9CABFFC1E07760B0029E81C /* PBXContainerItemProxy */ = {
			isa = PBXContainerItemProxy;
			containerPortal = 279A74481A16BED3008D8C51 /* Project object */;
			proxyType = 1;
			remoteGlobalIDString = B9CABF9D1E076C7E0029E81C;
			remoteInfo = OSXGMPFrameworkMac;
		};
		B9CAC00A1E077B250029E81C /* PBXContainerItemProxy */ = {
			isa = PBXContainerItemProxy;
			containerPortal = 279A74481A16BED3008D8C51 /* Project object */;
			proxyType = 1;
			remoteGlobalIDString = B9CABF9D1E076C7E0029E81C;
			remoteInfo = OSXGMPFrameworkMac;
		};
/* End PBXContainerItemProxy section */

/* Begin PBXCopyFilesBuildPhase section */
		279A744E1A16BED3008D8C51 /* CopyFiles */ = {
			isa = PBXCopyFilesBuildPhase;
			buildActionMask = 2147483647;
			dstPath = /usr/share/man/man1/;
			dstSubfolderSpec = 0;
			files = (
			);
			runOnlyForDeploymentPostprocessing = 1;
		};
/* End PBXCopyFilesBuildPhase section */

/* Begin PBXFileReference section */
		271FAF181A179D2B003E3660 /* gmp-man-6.0.0a.pdf */ = {isa = PBXFileReference; lastKnownFileType = image.pdf; path = "gmp-man-6.0.0a.pdf"; sourceTree = "<group>"; };
		278DD3721A17E6B40092001A /* README.md */ = {isa = PBXFileReference; lastKnownFileType = net.daringfireball.markdown; path = README.md; sourceTree = "<group>"; };
		279A74501A16BED3008D8C51 /* SwiftGMP */ = {isa = PBXFileReference; explicitFileType = "compiled.mach-o.executable"; includeInIndex = 0; path = SwiftGMP; sourceTree = BUILT_PRODUCTS_DIR; };
		279A74531A16BED3008D8C51 /* main.swift */ = {isa = PBXFileReference; lastKnownFileType = sourcecode.swift; path = main.swift; sourceTree = "<group>"; };
		279A745B1A16BF12008D8C51 /* gmp.h */ = {isa = PBXFileReference; lastKnownFileType = sourcecode.c.h; path = gmp.h; sourceTree = "<group>"; };
		279A745C1A16BF12008D8C51 /* libgmp.10.dylib */ = {isa = PBXFileReference; lastKnownFileType = "compiled.mach-o.dylib"; path = libgmp.10.dylib; sourceTree = "<group>"; };
		279A745D1A16BF12008D8C51 /* libgmp.a */ = {isa = PBXFileReference; lastKnownFileType = archive.ar; path = libgmp.a; sourceTree = "<group>"; };
		279A745E1A16BF12008D8C51 /* libgmp.dylib */ = {isa = PBXFileReference; lastKnownFileType = "compiled.mach-o.dylib"; path = libgmp.dylib; sourceTree = "<group>"; };
		B9CABF9E1E076C7E0029E81C /* SwiftGMPFrameworkMac.framework */ = {isa = PBXFileReference; explicitFileType = wrapper.framework; includeInIndex = 0; path = SwiftGMPFrameworkMac.framework; sourceTree = BUILT_PRODUCTS_DIR; };
		B9CABFA01E076C7E0029E81C /* SwiftGMPFrameworkMac.h */ = {isa = PBXFileReference; lastKnownFileType = sourcecode.c.h; path = SwiftGMPFrameworkMac.h; sourceTree = "<group>"; };
		B9CABFA11E076C7E0029E81C /* Info.plist */ = {isa = PBXFileReference; lastKnownFileType = text.plist.xml; path = Info.plist; sourceTree = "<group>"; };
		B9CABFCE1E0770B20029E81C /* BigFloat.swift */ = {isa = PBXFileReference; fileEncoding = 4; lastKnownFileType = sourcecode.swift; path = BigFloat.swift; sourceTree = "<group>"; };
		B9CABFCF1E0770B20029E81C /* BigFloatError.h */ = {isa = PBXFileReference; fileEncoding = 4; lastKnownFileType = sourcecode.c.h; path = BigFloatError.h; sourceTree = "<group>"; };
		B9CABFD01E0770B20029E81C /* BigFloatError.m */ = {isa = PBXFileReference; fileEncoding = 4; lastKnownFileType = sourcecode.c.objc; path = BigFloatError.m; sourceTree = "<group>"; };
		B9CABFD11E0770B20029E81C /* BigFloatObjC.h */ = {isa = PBXFileReference; fileEncoding = 4; lastKnownFileType = sourcecode.c.h; path = BigFloatObjC.h; sourceTree = "<group>"; };
		B9CABFD21E0770B20029E81C /* BigFloatObjC.m */ = {isa = PBXFileReference; fileEncoding = 4; lastKnownFileType = sourcecode.c.objc; path = BigFloatObjC.m; sourceTree = "<group>"; };
		B9CABFD41E0770B20029E81C /* BigInt.swift */ = {isa = PBXFileReference; fileEncoding = 4; lastKnownFileType = sourcecode.swift; path = BigInt.swift; sourceTree = "<group>"; };
		B9CABFD51E0770B20029E81C /* BigIntError.h */ = {isa = PBXFileReference; fileEncoding = 4; lastKnownFileType = sourcecode.c.h; path = BigIntError.h; sourceTree = "<group>"; };
		B9CABFD61E0770B20029E81C /* BigIntError.m */ = {isa = PBXFileReference; fileEncoding = 4; lastKnownFileType = sourcecode.c.objc; path = BigIntError.m; sourceTree = "<group>"; };
		B9CABFD71E0770B20029E81C /* BigIntObjC.h */ = {isa = PBXFileReference; fileEncoding = 4; lastKnownFileType = sourcecode.c.h; path = BigIntObjC.h; sourceTree = "<group>"; };
		B9CABFD81E0770B20029E81C /* BigIntObjC.m */ = {isa = PBXFileReference; fileEncoding = 4; lastKnownFileType = sourcecode.c.objc; path = BigIntObjC.m; sourceTree = "<group>"; };
		B9CABFDA1E0770B20029E81C /* BigRational.swift */ = {isa = PBXFileReference; fileEncoding = 4; lastKnownFileType = sourcecode.swift; path = BigRational.swift; sourceTree = "<group>"; };
		B9CABFDB1E0770B20029E81C /* BigRationalError.h */ = {isa = PBXFileReference; fileEncoding = 4; lastKnownFileType = sourcecode.c.h; path = BigRationalError.h; sourceTree = "<group>"; };
		B9CABFDC1E0770B20029E81C /* BigRationalError.m */ = {isa = PBXFileReference; fileEncoding = 4; lastKnownFileType = sourcecode.c.objc; path = BigRationalError.m; sourceTree = "<group>"; };
		B9CABFDD1E0770B20029E81C /* BigRationalObjC.h */ = {isa = PBXFileReference; fileEncoding = 4; lastKnownFileType = sourcecode.c.h; path = BigRationalObjC.h; sourceTree = "<group>"; };
		B9CABFDE1E0770B20029E81C /* BigRationalObjC.m */ = {isa = PBXFileReference; fileEncoding = 4; lastKnownFileType = sourcecode.c.objc; path = BigRationalObjC.m; sourceTree = "<group>"; };
		B9CAC0041E077B250029E81C /* SwiftGMPFrameworkMacTests.xctest */ = {isa = PBXFileReference; explicitFileType = wrapper.cfbundle; includeInIndex = 0; path = SwiftGMPFrameworkMacTests.xctest; sourceTree = BUILT_PRODUCTS_DIR; };
		B9CAC0081E077B250029E81C /* Info.plist */ = {isa = PBXFileReference; lastKnownFileType = text.plist.xml; path = Info.plist; sourceTree = "<group>"; };
		B9CAC00F1E077B630029E81C /* BigIntObjCTest.m */ = {isa = PBXFileReference; fileEncoding = 4; lastKnownFileType = sourcecode.c.objc; path = BigIntObjCTest.m; sourceTree = "<group>"; };
		B9CAC0101E077B630029E81C /* BigIntSwiftTest.swift */ = {isa = PBXFileReference; fileEncoding = 4; lastKnownFileType = sourcecode.swift; path = BigIntSwiftTest.swift; sourceTree = "<group>"; };
		B9CAC0131E077C3E0029E81C /* BigFloatObjCTest.m */ = {isa = PBXFileReference; fileEncoding = 4; lastKnownFileType = sourcecode.c.objc; path = BigFloatObjCTest.m; sourceTree = "<group>"; };
		B9CAC0141E077C3E0029E81C /* BigFloatSwiftTest.swift */ = {isa = PBXFileReference; fileEncoding = 4; lastKnownFileType = sourcecode.swift; path = BigFloatSwiftTest.swift; sourceTree = "<group>"; };
		B9CAC0151E077C3E0029E81C /* BigRationalObjCTest.m */ = {isa = PBXFileReference; fileEncoding = 4; lastKnownFileType = sourcecode.c.objc; path = BigRationalObjCTest.m; sourceTree = "<group>"; };
		B9CAC0161E077C3E0029E81C /* BigRationalSwiftTest.swift */ = {isa = PBXFileReference; fileEncoding = 4; lastKnownFileType = sourcecode.swift; path = BigRationalSwiftTest.swift; sourceTree = "<group>"; };
/* End PBXFileReference section */

/* Begin PBXFrameworksBuildPhase section */
		279A744D1A16BED3008D8C51 /* Frameworks */ = {
			isa = PBXFrameworksBuildPhase;
			buildActionMask = 2147483647;
			files = (
				B9CABFB61E076D770029E81C /* SwiftGMPFrameworkMac.framework in Frameworks */,
			);
			runOnlyForDeploymentPostprocessing = 0;
		};
		B9CABF9A1E076C7E0029E81C /* Frameworks */ = {
			isa = PBXFrameworksBuildPhase;
			buildActionMask = 2147483647;
			files = (
				B9CABFB51E076D4E0029E81C /* libgmp.a in Frameworks */,
			);
			runOnlyForDeploymentPostprocessing = 0;
		};
		B9CAC0011E077B250029E81C /* Frameworks */ = {
			isa = PBXFrameworksBuildPhase;
			buildActionMask = 2147483647;
			files = (
				B9CAC0091E077B250029E81C /* SwiftGMPFrameworkMac.framework in Frameworks */,
			);
			runOnlyForDeploymentPostprocessing = 0;
		};
/* End PBXFrameworksBuildPhase section */

/* Begin PBXGroup section */
		279A74471A16BED3008D8C51 = {
			isa = PBXGroup;
			children = (
				B9CABFCC1E0770B20029E81C /* LibWrappers */,
				279A745A1A16BF12008D8C51 /* GMP */,
				279A74521A16BED3008D8C51 /* SwiftGMP */,
				B9CABF9F1E076C7E0029E81C /* SwiftGMPFrameworkMac */,
				B9CAC0051E077B250029E81C /* SwiftGMPFrameworkMacTests */,
				279A74511A16BED3008D8C51 /* Products */,
				278DD3721A17E6B40092001A /* README.md */,
			);
			sourceTree = "<group>";
		};
		279A74511A16BED3008D8C51 /* Products */ = {
			isa = PBXGroup;
			children = (
				279A74501A16BED3008D8C51 /* SwiftGMP */,
				B9CABF9E1E076C7E0029E81C /* SwiftGMPFrameworkMac.framework */,
				B9CAC0041E077B250029E81C /* SwiftGMPFrameworkMacTests.xctest */,
			);
			name = Products;
			sourceTree = "<group>";
		};
		279A74521A16BED3008D8C51 /* SwiftGMP */ = {
			isa = PBXGroup;
			children = (
				279A74531A16BED3008D8C51 /* main.swift */,
			);
			name = SwiftGMP;
			path = OSXGMP;
			sourceTree = "<group>";
		};
		279A745A1A16BF12008D8C51 /* GMP */ = {
			isa = PBXGroup;
			children = (
				271FAF181A179D2B003E3660 /* gmp-man-6.0.0a.pdf */,
				279A745B1A16BF12008D8C51 /* gmp.h */,
				279A745C1A16BF12008D8C51 /* libgmp.10.dylib */,
				279A745D1A16BF12008D8C51 /* libgmp.a */,
				279A745E1A16BF12008D8C51 /* libgmp.dylib */,
			);
			path = GMP;
			sourceTree = "<group>";
		};
		B9CABF9F1E076C7E0029E81C /* SwiftGMPFrameworkMac */ = {
			isa = PBXGroup;
			children = (
				B9CABFA01E076C7E0029E81C /* SwiftGMPFrameworkMac.h */,
				B9CABFA11E076C7E0029E81C /* Info.plist */,
			);
			name = SwiftGMPFrameworkMac;
			path = OSXGMPFrameworkMac;
			sourceTree = "<group>";
		};
		B9CABFCC1E0770B20029E81C /* LibWrappers */ = {
			isa = PBXGroup;
			children = (
				B9CABFCD1E0770B20029E81C /* BigFloat */,
				B9CABFD31E0770B20029E81C /* BigInt */,
				B9CABFD91E0770B20029E81C /* BigRational */,
			);
			path = LibWrappers;
			sourceTree = "<group>";
		};
		B9CABFCD1E0770B20029E81C /* BigFloat */ = {
			isa = PBXGroup;
			children = (
				B9CABFCE1E0770B20029E81C /* BigFloat.swift */,
				B9CABFCF1E0770B20029E81C /* BigFloatError.h */,
				B9CABFD01E0770B20029E81C /* BigFloatError.m */,
				B9CABFD11E0770B20029E81C /* BigFloatObjC.h */,
				B9CABFD21E0770B20029E81C /* BigFloatObjC.m */,
			);
			path = BigFloat;
			sourceTree = "<group>";
		};
		B9CABFD31E0770B20029E81C /* BigInt */ = {
			isa = PBXGroup;
			children = (
				B9CABFD41E0770B20029E81C /* BigInt.swift */,
				B9CABFD51E0770B20029E81C /* BigIntError.h */,
				B9CABFD61E0770B20029E81C /* BigIntError.m */,
				B9CABFD71E0770B20029E81C /* BigIntObjC.h */,
				B9CABFD81E0770B20029E81C /* BigIntObjC.m */,
			);
			path = BigInt;
			sourceTree = "<group>";
		};
		B9CABFD91E0770B20029E81C /* BigRational */ = {
			isa = PBXGroup;
			children = (
				B9CABFDA1E0770B20029E81C /* BigRational.swift */,
				B9CABFDB1E0770B20029E81C /* BigRationalError.h */,
				B9CABFDC1E0770B20029E81C /* BigRationalError.m */,
				B9CABFDD1E0770B20029E81C /* BigRationalObjC.h */,
				B9CABFDE1E0770B20029E81C /* BigRationalObjC.m */,
			);
			path = BigRational;
			sourceTree = "<group>";
		};
		B9CAC0051E077B250029E81C /* SwiftGMPFrameworkMacTests */ = {
			isa = PBXGroup;
			children = (
				B9CAC0131E077C3E0029E81C /* BigFloatObjCTest.m */,
				B9CAC0141E077C3E0029E81C /* BigFloatSwiftTest.swift */,
				B9CAC0151E077C3E0029E81C /* BigRationalObjCTest.m */,
				B9CAC0161E077C3E0029E81C /* BigRationalSwiftTest.swift */,
				B9CAC00F1E077B630029E81C /* BigIntObjCTest.m */,
				B9CAC0101E077B630029E81C /* BigIntSwiftTest.swift */,
				B9CAC0081E077B250029E81C /* Info.plist */,
			);
			name = SwiftGMPFrameworkMacTests;
			path = OSXGMPFrameworkMacTests;
			sourceTree = "<group>";
		};
/* End PBXGroup section */

/* Begin PBXHeadersBuildPhase section */
		B9CABF9B1E076C7E0029E81C /* Headers */ = {
			isa = PBXHeadersBuildPhase;
			buildActionMask = 2147483647;
			files = (
				B9CABFFB1E07746D0029E81C /* gmp.h in Headers */,
				B9CABFAE1E076C7E0029E81C /* SwiftGMPFrameworkMac.h in Headers */,
				B9CABFF51E0774560029E81C /* BigFloatError.h in Headers */,
				B9CABFF61E0774560029E81C /* BigFloatObjC.h in Headers */,
				B9CABFF71E0774560029E81C /* BigIntError.h in Headers */,
				B9CABFF81E0774560029E81C /* BigIntObjC.h in Headers */,
				B9CABFF91E0774560029E81C /* BigRationalError.h in Headers */,
				B9CABFFA1E0774560029E81C /* BigRationalObjC.h in Headers */,
			);
			runOnlyForDeploymentPostprocessing = 0;
		};
/* End PBXHeadersBuildPhase section */

/* Begin PBXNativeTarget section */
		279A744F1A16BED3008D8C51 /* SwiftGMP */ = {
			isa = PBXNativeTarget;
			buildConfigurationList = 279A74571A16BED3008D8C51 /* Build configuration list for PBXNativeTarget "SwiftGMP" */;
			buildPhases = (
				279A744C1A16BED3008D8C51 /* Sources */,
				279A744D1A16BED3008D8C51 /* Frameworks */,
				279A744E1A16BED3008D8C51 /* CopyFiles */,
			);
			buildRules = (
			);
			dependencies = (
				B9CABFFD1E07760B0029E81C /* PBXTargetDependency */,
			);
			name = SwiftGMP;
			productName = OSXGMP;
			productReference = 279A74501A16BED3008D8C51 /* SwiftGMP */;
			productType = "com.apple.product-type.tool";
		};
		B9CABF9D1E076C7E0029E81C /* SwiftGMPFrameworkMac */ = {
			isa = PBXNativeTarget;
			buildConfigurationList = B9CABFAF1E076C7E0029E81C /* Build configuration list for PBXNativeTarget "SwiftGMPFrameworkMac" */;
			buildPhases = (
				B9CABF991E076C7E0029E81C /* Sources */,
				B9CABF9A1E076C7E0029E81C /* Frameworks */,
				B9CABF9B1E076C7E0029E81C /* Headers */,
				B9CABF9C1E076C7E0029E81C /* Resources */,
			);
			buildRules = (
			);
			dependencies = (
			);
			name = SwiftGMPFrameworkMac;
			productName = OSXGMPFrameworkMac;
			productReference = B9CABF9E1E076C7E0029E81C /* SwiftGMPFrameworkMac.framework */;
			productType = "com.apple.product-type.framework";
		};
		B9CAC0031E077B250029E81C /* SwiftGMPFrameworkMacTests */ = {
			isa = PBXNativeTarget;
			buildConfigurationList = B9CAC00C1E077B250029E81C /* Build configuration list for PBXNativeTarget "SwiftGMPFrameworkMacTests" */;
			buildPhases = (
				B9CAC0001E077B250029E81C /* Sources */,
				B9CAC0011E077B250029E81C /* Frameworks */,
				B9CAC0021E077B250029E81C /* Resources */,
			);
			buildRules = (
			);
			dependencies = (
				B9CAC00B1E077B250029E81C /* PBXTargetDependency */,
			);
			name = SwiftGMPFrameworkMacTests;
			productName = OSXGMPFrameworkMacTests;
			productReference = B9CAC0041E077B250029E81C /* SwiftGMPFrameworkMacTests.xctest */;
			productType = "com.apple.product-type.bundle.unit-test";
		};
/* End PBXNativeTarget section */

/* Begin PBXProject section */
		279A74481A16BED3008D8C51 /* Project object */ = {
			isa = PBXProject;
			attributes = {
				LastSwiftUpdateCheck = 0820;
				LastUpgradeCheck = 0820;
				ORGANIZATIONNAME = "Otto van Verseveld";
				TargetAttributes = {
					279A744F1A16BED3008D8C51 = {
						CreatedOnToolsVersion = 6.1;
						LastSwiftMigration = 0820;
					};
					B9CABF9D1E076C7E0029E81C = {
						CreatedOnToolsVersion = 8.2;
						ProvisioningStyle = Automatic;
					};
					B9CAC0031E077B250029E81C = {
						CreatedOnToolsVersion = 8.2;
						LastSwiftMigration = 0820;
						ProvisioningStyle = Automatic;
					};
				};
			};
			buildConfigurationList = 279A744B1A16BED3008D8C51 /* Build configuration list for PBXProject "SwiftGMP" */;
			compatibilityVersion = "Xcode 3.2";
			developmentRegion = English;
			hasScannedForEncodings = 0;
			knownRegions = (
				en,
			);
			mainGroup = 279A74471A16BED3008D8C51;
			productRefGroup = 279A74511A16BED3008D8C51 /* Products */;
			projectDirPath = "";
			projectRoot = "";
			targets = (
				279A744F1A16BED3008D8C51 /* SwiftGMP */,
				B9CABF9D1E076C7E0029E81C /* SwiftGMPFrameworkMac */,
				B9CAC0031E077B250029E81C /* SwiftGMPFrameworkMacTests */,
			);
		};
/* End PBXProject section */

/* Begin PBXResourcesBuildPhase section */
		B9CABF9C1E076C7E0029E81C /* Resources */ = {
			isa = PBXResourcesBuildPhase;
			buildActionMask = 2147483647;
			files = (
			);
			runOnlyForDeploymentPostprocessing = 0;
		};
		B9CAC0021E077B250029E81C /* Resources */ = {
			isa = PBXResourcesBuildPhase;
			buildActionMask = 2147483647;
			files = (
			);
			runOnlyForDeploymentPostprocessing = 0;
		};
/* End PBXResourcesBuildPhase section */

/* Begin PBXSourcesBuildPhase section */
		279A744C1A16BED3008D8C51 /* Sources */ = {
			isa = PBXSourcesBuildPhase;
			buildActionMask = 2147483647;
			files = (
				B9CABFB71E076E540029E81C /* main.swift in Sources */,
			);
			runOnlyForDeploymentPostprocessing = 0;
		};
		B9CABF991E076C7E0029E81C /* Sources */ = {
			isa = PBXSourcesBuildPhase;
			buildActionMask = 2147483647;
			files = (
				B9CABFE41E0770B20029E81C /* BigInt.swift in Sources */,
				B9CABFEF1E0773350029E81C /* BigIntError.m in Sources */,
				B9CABFF01E0773380029E81C /* BigIntObjC.m in Sources */,
				B9CABFDF1E0770B20029E81C /* BigFloat.swift in Sources */,
				B9CABFF31E0773500029E81C /* BigFloatError.m in Sources */,
				B9CABFF41E0773530029E81C /* BigFloatObjC.m in Sources */,
				B9CABFE91E0770B20029E81C /* BigRational.swift in Sources */,
				B9CABFF11E0773440029E81C /* BigRationalError.m in Sources */,
				B9CABFF21E0773470029E81C /* BigRationalObjC.m in Sources */,
			);
			runOnlyForDeploymentPostprocessing = 0;
		};
		B9CAC0001E077B250029E81C /* Sources */ = {
			isa = PBXSourcesBuildPhase;
			buildActionMask = 2147483647;
			files = (
				B9CAC01A1E077C3E0029E81C /* BigRationalSwiftTest.swift in Sources */,
				B9CAC0111E077B630029E81C /* BigIntObjCTest.m in Sources */,
				B9CAC0191E077C3E0029E81C /* BigRationalObjCTest.m in Sources */,
				B9CAC0171E077C3E0029E81C /* BigFloatObjCTest.m in Sources */,
				B9CAC0121E077B630029E81C /* BigIntSwiftTest.swift in Sources */,
				B9CAC0181E077C3E0029E81C /* BigFloatSwiftTest.swift in Sources */,
			);
			runOnlyForDeploymentPostprocessing = 0;
		};
/* End PBXSourcesBuildPhase section */

/* Begin PBXTargetDependency section */
		B9CABFFD1E07760B0029E81C /* PBXTargetDependency */ = {
			isa = PBXTargetDependency;
			target = B9CABF9D1E076C7E0029E81C /* SwiftGMPFrameworkMac */;
			targetProxy = B9CABFFC1E07760B0029E81C /* PBXContainerItemProxy */;
		};
		B9CAC00B1E077B250029E81C /* PBXTargetDependency */ = {
			isa = PBXTargetDependency;
			target = B9CABF9D1E076C7E0029E81C /* SwiftGMPFrameworkMac */;
			targetProxy = B9CAC00A1E077B250029E81C /* PBXContainerItemProxy */;
		};
/* End PBXTargetDependency section */

/* Begin XCBuildConfiguration section */
		279A74551A16BED3008D8C51 /* Debug */ = {
			isa = XCBuildConfiguration;
			buildSettings = {
				ALWAYS_SEARCH_USER_PATHS = NO;
				CLANG_CXX_LANGUAGE_STANDARD = "gnu++0x";
				CLANG_CXX_LIBRARY = "libc++";
				CLANG_ENABLE_MODULES = YES;
				CLANG_ENABLE_OBJC_ARC = YES;
				CLANG_WARN_BOOL_CONVERSION = YES;
				CLANG_WARN_CONSTANT_CONVERSION = YES;
				CLANG_WARN_DIRECT_OBJC_ISA_USAGE = YES_ERROR;
				CLANG_WARN_EMPTY_BODY = YES;
				CLANG_WARN_ENUM_CONVERSION = YES;
				CLANG_WARN_INFINITE_RECURSION = YES;
				CLANG_WARN_INT_CONVERSION = YES;
				CLANG_WARN_OBJC_ROOT_CLASS = YES_ERROR;
				CLANG_WARN_SUSPICIOUS_MOVE = YES;
				CLANG_WARN_UNREACHABLE_CODE = YES;
				CLANG_WARN__DUPLICATE_METHOD_MATCH = YES;
				COPY_PHASE_STRIP = NO;
				ENABLE_STRICT_OBJC_MSGSEND = YES;
				ENABLE_TESTABILITY = YES;
				GCC_C_LANGUAGE_STANDARD = gnu99;
				GCC_DYNAMIC_NO_PIC = NO;
				GCC_NO_COMMON_BLOCKS = YES;
				GCC_OPTIMIZATION_LEVEL = 0;
				GCC_PREPROCESSOR_DEFINITIONS = (
					"DEBUG=1",
					"$(inherited)",
				);
				GCC_SYMBOLS_PRIVATE_EXTERN = NO;
				GCC_WARN_64_TO_32_BIT_CONVERSION = YES;
				GCC_WARN_ABOUT_RETURN_TYPE = YES_ERROR;
				GCC_WARN_UNDECLARED_SELECTOR = YES;
				GCC_WARN_UNINITIALIZED_AUTOS = YES_AGGRESSIVE;
				GCC_WARN_UNUSED_FUNCTION = YES;
				GCC_WARN_UNUSED_VARIABLE = YES;
				MACOSX_DEPLOYMENT_TARGET = 10.12;
				MTL_ENABLE_DEBUG_INFO = YES;
				ONLY_ACTIVE_ARCH = YES;
				SDKROOT = macosx;
				SWIFT_OPTIMIZATION_LEVEL = "-Onone";
			};
			name = Debug;
		};
		279A74561A16BED3008D8C51 /* Release */ = {
			isa = XCBuildConfiguration;
			buildSettings = {
				ALWAYS_SEARCH_USER_PATHS = NO;
				CLANG_CXX_LANGUAGE_STANDARD = "gnu++0x";
				CLANG_CXX_LIBRARY = "libc++";
				CLANG_ENABLE_MODULES = YES;
				CLANG_ENABLE_OBJC_ARC = YES;
				CLANG_WARN_BOOL_CONVERSION = YES;
				CLANG_WARN_CONSTANT_CONVERSION = YES;
				CLANG_WARN_DIRECT_OBJC_ISA_USAGE = YES_ERROR;
				CLANG_WARN_EMPTY_BODY = YES;
				CLANG_WARN_ENUM_CONVERSION = YES;
				CLANG_WARN_INFINITE_RECURSION = YES;
				CLANG_WARN_INT_CONVERSION = YES;
				CLANG_WARN_OBJC_ROOT_CLASS = YES_ERROR;
				CLANG_WARN_SUSPICIOUS_MOVE = YES;
				CLANG_WARN_UNREACHABLE_CODE = YES;
				CLANG_WARN__DUPLICATE_METHOD_MATCH = YES;
				COPY_PHASE_STRIP = YES;
				DEBUG_INFORMATION_FORMAT = "dwarf-with-dsym";
				ENABLE_NS_ASSERTIONS = NO;
				ENABLE_STRICT_OBJC_MSGSEND = YES;
				GCC_C_LANGUAGE_STANDARD = gnu99;
				GCC_NO_COMMON_BLOCKS = YES;
				GCC_OPTIMIZATION_LEVEL = 3;
				GCC_WARN_64_TO_32_BIT_CONVERSION = YES;
				GCC_WARN_ABOUT_RETURN_TYPE = YES_ERROR;
				GCC_WARN_UNDECLARED_SELECTOR = YES;
				GCC_WARN_UNINITIALIZED_AUTOS = YES_AGGRESSIVE;
				GCC_WARN_UNUSED_FUNCTION = YES;
				GCC_WARN_UNUSED_VARIABLE = YES;
				MACOSX_DEPLOYMENT_TARGET = 10.12;
				MTL_ENABLE_DEBUG_INFO = NO;
				SDKROOT = macosx;
				SWIFT_OPTIMIZATION_LEVEL = "-Owholemodule";
			};
			name = Release;
		};
		279A74581A16BED3008D8C51 /* Debug */ = {
			isa = XCBuildConfiguration;
			buildSettings = {
				COMBINE_HIDPI_IMAGES = YES;
				COPY_PHASE_STRIP = NO;
				DEBUG_INFORMATION_FORMAT = dwarf;
				GCC_SYMBOLS_PRIVATE_EXTERN = NO;
				LD_NO_PIE = YES;
				LD_RUNPATH_SEARCH_PATHS = "$(inherited) @executable_path/../Frameworks @loader_path/../Frameworks";
				LIBRARY_SEARCH_PATHS = "$(inherited)";
				PRODUCT_NAME = "$(TARGET_NAME)";
				STRIP_STYLE = "non-global";
				SWIFT_INSTALL_OBJC_HEADER = NO;
				SWIFT_OBJC_BRIDGING_HEADER = "";
				SWIFT_VERSION = 3.0;
			};
			name = Debug;
		};
		279A74591A16BED3008D8C51 /* Release */ = {
			isa = XCBuildConfiguration;
			buildSettings = {
				COMBINE_HIDPI_IMAGES = YES;
				COPY_PHASE_STRIP = NO;
				GCC_OPTIMIZATION_LEVEL = 2;
				GCC_SYMBOLS_PRIVATE_EXTERN = NO;
				LD_NO_PIE = YES;
				LD_RUNPATH_SEARCH_PATHS = "$(inherited) @executable_path/../Frameworks @loader_path/../Frameworks";
				LIBRARY_SEARCH_PATHS = "$(inherited)";
				PRODUCT_NAME = "$(TARGET_NAME)";
				STRIP_STYLE = "non-global";
				SWIFT_INSTALL_OBJC_HEADER = NO;
				SWIFT_OBJC_BRIDGING_HEADER = "";
				SWIFT_VERSION = 3.0;
			};
			name = Release;
		};
		B9CABFB01E076C7E0029E81C /* Debug */ = {
			isa = XCBuildConfiguration;
			buildSettings = {
				ALWAYS_EMBED_SWIFT_STANDARD_LIBRARIES = YES;
				CLANG_ANALYZER_NONNULL = YES;
				CLANG_WARN_DOCUMENTATION_COMMENTS = YES;
				CODE_SIGN_IDENTITY = "-";
				COMBINE_HIDPI_IMAGES = YES;
				CURRENT_PROJECT_VERSION = 1;
				DEBUG_INFORMATION_FORMAT = dwarf;
				DEFINES_MODULE = YES;
				DYLIB_COMPATIBILITY_VERSION = 1;
				DYLIB_CURRENT_VERSION = 1;
				DYLIB_INSTALL_NAME_BASE = "@rpath";
				FRAMEWORK_VERSION = A;
				INFOPLIST_FILE = OSXGMPFrameworkMac/Info.plist;
				INSTALL_PATH = "$(LOCAL_LIBRARY_DIR)/Frameworks";
				LD_RUNPATH_SEARCH_PATHS = "$(inherited) @executable_path/../Frameworks @loader_path/Frameworks";
				LIBRARY_SEARCH_PATHS = (
					"$(inherited)",
					"$(PROJECT_DIR)/GMP",
				);
				LINK_WITH_STANDARD_LIBRARIES = YES;
				PRODUCT_BUNDLE_IDENTIFIER = ca.webbdev.OSXGMPFrameworkMac;
				PRODUCT_NAME = "$(TARGET_NAME)";
				SKIP_INSTALL = YES;
				SWIFT_ACTIVE_COMPILATION_CONDITIONS = DEBUG;
				SWIFT_VERSION = 3.0;
				VERSIONING_SYSTEM = "apple-generic";
				VERSION_INFO_PREFIX = "";
			};
			name = Debug;
		};
		B9CABFB11E076C7E0029E81C /* Release */ = {
			isa = XCBuildConfiguration;
			buildSettings = {
				ALWAYS_EMBED_SWIFT_STANDARD_LIBRARIES = YES;
				CLANG_ANALYZER_NONNULL = YES;
				CLANG_WARN_DOCUMENTATION_COMMENTS = YES;
				CODE_SIGN_IDENTITY = "-";
				COMBINE_HIDPI_IMAGES = YES;
				COPY_PHASE_STRIP = NO;
				CURRENT_PROJECT_VERSION = 1;
				DEFINES_MODULE = YES;
				DYLIB_COMPATIBILITY_VERSION = 1;
				DYLIB_CURRENT_VERSION = 1;
				DYLIB_INSTALL_NAME_BASE = "@rpath";
				FRAMEWORK_VERSION = A;
				GCC_OPTIMIZATION_LEVEL = 2;
				INFOPLIST_FILE = OSXGMPFrameworkMac/Info.plist;
				INSTALL_PATH = "$(LOCAL_LIBRARY_DIR)/Frameworks";
				LD_RUNPATH_SEARCH_PATHS = "$(inherited) @executable_path/../Frameworks @loader_path/Frameworks";
				LIBRARY_SEARCH_PATHS = (
					"$(inherited)",
					"$(PROJECT_DIR)/GMP",
				);
				LINK_WITH_STANDARD_LIBRARIES = YES;
				PRODUCT_BUNDLE_IDENTIFIER = ca.webbdev.OSXGMPFrameworkMac;
				PRODUCT_NAME = "$(TARGET_NAME)";
				SKIP_INSTALL = YES;
				SWIFT_VERSION = 3.0;
				VERSIONING_SYSTEM = "apple-generic";
				VERSION_INFO_PREFIX = "";
			};
			name = Release;
		};
		B9CAC00D1E077B250029E81C /* Debug */ = {
			isa = XCBuildConfiguration;
			buildSettings = {
				CLANG_ANALYZER_NONNULL = YES;
				CLANG_ENABLE_MODULES = YES;
				CLANG_WARN_DOCUMENTATION_COMMENTS = YES;
				CODE_SIGN_IDENTITY = "-";
				COMBINE_HIDPI_IMAGES = YES;
				DEBUG_INFORMATION_FORMAT = dwarf;
				INFOPLIST_FILE = OSXGMPFrameworkMacTests/Info.plist;
				LD_RUNPATH_SEARCH_PATHS = "$(inherited) @executable_path/../Frameworks @loader_path/../Frameworks";
				PRODUCT_BUNDLE_IDENTIFIER = ca.webbdev.OSXGMPFrameworkMacTests;
				PRODUCT_NAME = "$(TARGET_NAME)";
				SWIFT_ACTIVE_COMPILATION_CONDITIONS = DEBUG;
				SWIFT_OPTIMIZATION_LEVEL = "-Onone";
				SWIFT_VERSION = 3.0;
			};
			name = Debug;
		};
		B9CAC00E1E077B250029E81C /* Release */ = {
			isa = XCBuildConfiguration;
			buildSettings = {
				CLANG_ANALYZER_NONNULL = YES;
				CLANG_ENABLE_MODULES = YES;
				CLANG_WARN_DOCUMENTATION_COMMENTS = YES;
				CODE_SIGN_IDENTITY = "-";
				COMBINE_HIDPI_IMAGES = YES;
				COPY_PHASE_STRIP = NO;
				GCC_OPTIMIZATION_LEVEL = 2;
				INFOPLIST_FILE = OSXGMPFrameworkMacTests/Info.plist;
				LD_RUNPATH_SEARCH_PATHS = "$(inherited) @executable_path/../Frameworks @loader_path/../Frameworks";
				PRODUCT_BUNDLE_IDENTIFIER = ca.webbdev.OSXGMPFrameworkMacTests;
				PRODUCT_NAME = "$(TARGET_NAME)";
				SWIFT_VERSION = 3.0;
			};
			name = Release;
		};
/* End XCBuildConfiguration section */

/* Begin XCConfigurationList section */
		279A744B1A16BED3008D8C51 /* Build configuration list for PBXProject "SwiftGMP" */ = {
			isa = XCConfigurationList;
			buildConfigurations = (
				279A74551A16BED3008D8C51 /* Debug */,
				279A74561A16BED3008D8C51 /* Release */,
			);
			defaultConfigurationIsVisible = 0;
			defaultConfigurationName = Release;
		};
		279A74571A16BED3008D8C51 /* Build configuration list for PBXNativeTarget "SwiftGMP" */ = {
			isa = XCConfigurationList;
			buildConfigurations = (
				279A74581A16BED3008D8C51 /* Debug */,
				279A74591A16BED3008D8C51 /* Release */,
			);
			defaultConfigurationIsVisible = 0;
			defaultConfigurationName = Release;
		};
		B9CABFAF1E076C7E0029E81C /* Build configuration list for PBXNativeTarget "SwiftGMPFrameworkMac" */ = {
			isa = XCConfigurationList;
			buildConfigurations = (
				B9CABFB01E076C7E0029E81C /* Debug */,
				B9CABFB11E076C7E0029E81C /* Release */,
			);
			defaultConfigurationIsVisible = 0;
		};
		B9CAC00C1E077B250029E81C /* Build configuration list for PBXNativeTarget "SwiftGMPFrameworkMacTests" */ = {
			isa = XCConfigurationList;
			buildConfigurations = (
				B9CAC00D1E077B250029E81C /* Debug */,
				B9CAC00E1E077B250029E81C /* Release */,
			);
			defaultConfigurationIsVisible = 0;
		};
/* End XCConfigurationList section */
	};
	rootObject = 279A74481A16BED3008D8C51 /* Project object */;
}
